
Microsoft Visual Studio Solution File, Format Version 12.00
Project("{FAE04EC0-301F-11D3-BF4B-00C04F79EFBC}") = "SignalRCRUD", "SignalRCRUD\SignalRCRUD.csproj", "{0B038F26-06CE-4097-A26F-CAE52330B7BB}"
EndProject
Global
	GlobalSection(SolutionConfigurationPlatforms) = preSolution
		Debug|Any CPU = Debug|Any CPU
		Release|Any CPU = Release|Any CPU
	EndGlobalSection
	GlobalSection(ProjectConfigurationPlatforms) = postSolution
		{0B038F26-06CE-4097-A26F-CAE52330B7BB}.Debug|Any CPU.ActiveCfg = Debug|Any CPU
		{0B038F26-06CE-4097-A26F-CAE52330B7BB}.Debug|Any CPU.Build.0 = Debug|Any CPU
		{0B038F26-06CE-4097-A26F-CAE52330B7BB}.Release|Any CPU.ActiveCfg = Release|Any CPU
		{0B038F26-06CE-4097-A26F-CAE52330B7BB}.Release|Any CPU.Build.0 = Release|Any CPU
	EndGlobalSection
EndGlobal
